
Microsoft Visual Studio Solution File, Format Version 12.00
# Visual Studio Version 17
VisualStudioVersion = 17.0.31612.314
MinimumVisualStudioVersion = 10.0.40219.1
Project("{8BC9CEB8-8B4A-11D0-8D11-00A0C91BC942}") = "AstroCombiner", "AstroCombiner.vcxproj", "{0CD2FB18-3636-4742-BABA-810DCB9CDD49}"
EndProject
Global
	GlobalSection(SolutionConfigurationPlatforms) = preSolution
		Debug|x64 = Debug|x64
		Debug|x86 = Debug|x86
		Release|x64 = Release|x64
		Release|x86 = Release|x86
	EndGlobalSection
	GlobalSection(ProjectConfigurationPlatforms) = postSolution
		{0CD2FB18-3636-4742-BABA-810DCB9CDD49}.Debug|x64.ActiveCfg = Debug|x64
		{0CD2FB18-3636-4742-BABA-810DCB9CDD49}.Debug|x64.Build.0 = Debug|x64
		{0CD2FB18-3636-4742-BABA-810DCB9CDD49}.Debug|x86.ActiveCfg = Debug|Win32
		{0CD2FB18-3636-4742-BABA-810DCB9CDD49}.Debug|x86.Build.0 = Debug|Win32
		{0CD2FB18-3636-4742-BABA-810DCB9CDD49}.Release|x64.ActiveCfg = Release|x64
		{0CD2FB18-3636-4742-BABA-810DCB9CDD49}.Release|x64.Build.0 = Release|x64
		{0CD2FB18-3636-4742-BABA-810DCB9CDD49}.Release|x86.ActiveCfg = Release|Win32
		{0CD2FB18-3636-4742-BABA-810DCB9CDD49}.Release|x86.Build.0 = Release|Win32
	EndGlobalSection
	GlobalSection(SolutionProperties) = preSolution
		HideSolutionNode = FALSE
	EndGlobalSection
	GlobalSection(ExtensibilityGlobals) = postSolution
		SolutionGuid = {AB7F98A2-447C-43D6-A2C9-58B3AEA70DCF}
	EndGlobalSection
EndGlobal
