<?xml version="1.0" encoding="utf-8"?>
<Project ToolsVersion="4.0" xmlns="http://schemas.microsoft.com/developer/msbuild/2003">
  <ItemGroup>
    <Filter Include="Source Files">
      <UniqueIdentifier>{4FC737F1-C7A5-4376-A066-2A32D752A2FF}</UniqueIdentifier>
      <Extensions>cpp;c;cc;cxx;c++;cppm;ixx;def;odl;idl;hpj;bat;asm;asmx</Extensions>
    </Filter>
    <Filter Include="Header Files">
      <UniqueIdentifier>{93995380-89BD-4b04-88EB-625FBE52EBFB}</UniqueIdentifier>
      <Extensions>h;hh;hpp;hxx;h++;hm;inl;inc;ipp;xsd</Extensions>
    </Filter>
    <Filter Include="Resource Files">
      <UniqueIdentifier>{67DA6AB6-F800-4c08-8B7A-83BB121AAD01}</UniqueIdentifier>
      <Extensions>rc;ico;cur;bmp;dlg;rc2;rct;bin;rgs;gif;jpg;jpeg;jpe;resx;tiff;tif;png;wav;mfcribbon-ms</Extensions>
    </Filter>
  </ItemGroup>
  <ItemGroup>
    <ClInclude Include="AGG\agg_basics.h">
      <Filter>Header Files</Filter>
    </ClInclude>
    <ClInclude Include="AGG\agg_config.h">
      <Filter>Header Files</Filter>
    </ClInclude>
    <ClInclude Include="AGG\agg_trans_affine.h">
      <Filter>Header Files</Filter>
    </ClInclude>
    <ClInclude Include="Codecs\PPM\ppmdecoder.h">
      <Filter>Header Files</Filter>
    </ClInclude>
    <ClInclude Include="Codecs\PPM\ppmencoder.h">
      <Filter>Header Files</Filter>
    </ClInclude>
    <ClInclude Include="Codecs\imagedecoder.h">
      <Filter>Header Files</Filter>
    </ClInclude>
    <ClInclude Include="Codecs\imageencoder.h">
      <Filter>Header Files</Filter>
    </ClInclude>
    <ClInclude Include="Core\bitmap.h">
      <Filter>Header Files</Filter>
    </ClInclude>
    <ClInclude Include="Core\enums.h">
      <Filter>Header Files</Filter>
    </ClInclude>
    <ClInclude Include="Core\imageparams.h">
      <Filter>Header Files</Filter>
    </ClInclude>
    <ClInclude Include="Geometry\rect.h">
      <Filter>Header Files</Filter>
    </ClInclude>
    <ClInclude Include="Registrator\registrator.h">
      <Filter>Header Files</Filter>
    </ClInclude>
    <ClInclude Include="Registrator\stacker.h">
      <Filter>Header Files</Filter>
    </ClInclude>
    <ClInclude Include="Registrator\star.h">
      <Filter>Header Files</Filter>
    </ClInclude>
    <ClInclude Include="Tools\mathtools.h">
      <Filter>Header Files</Filter>
    </ClInclude>
    <ClInclude Include="Transforms\basetransform.h">
      <Filter>Header Files</Filter>
    </ClInclude>
    <ClInclude Include="Transforms\binningtransform.h">
      <Filter>Header Files</Filter>
    </ClInclude>
    <ClInclude Include="Transforms\converter.h">
      <Filter>Header Files</Filter>
    </ClInclude>
    <ClInclude Include="Codecs\Raw\RawDecoder.h">
      <Filter>Header Files</Filter>
    </ClInclude>
    <ClInclude Include="Registrator\FastAligner.h">
      <Filter>Header Files</Filter>
    </ClInclude>
    <ClInclude Include="Geometry\delaunator.hpp">
      <Filter>Header Files</Filter>
    </ClInclude>
    <ClInclude Include="Geometry\triangle.h">
      <Filter>Header Files</Filter>
    </ClInclude>
    <ClInclude Include="Geometry\point.h">
      <Filter>Header Files</Filter>
    </ClInclude>
    <ClInclude Include="Geometry\startrektransform.h">
      <Filter>Header Files</Filter>
    </ClInclude>
    <ClInclude Include="Core\camerasettings.h">
      <Filter>Header Files</Filter>
    </ClInclude>
    <ClInclude Include="Transforms\deaberratetransform.h">
      <Filter>Header Files</Filter>
    </ClInclude>
    <ClInclude Include="Tools\Newton2D.h">
      <Filter>Header Files</Filter>
    </ClInclude>
    <ClInclude Include="Geometry\size.h">
      <Filter>Header Files</Filter>
    </ClInclude>
    <ClInclude Include="Transforms\ChannelEqualizer.h">
      <Filter>Header Files</Filter>
    </ClInclude>
    <ClInclude Include="Transforms\HistogramBuilder.h">
      <Filter>Header Files</Filter>
    </ClInclude>
    <ClInclude Include="Transforms\BitmapSubtractor.h">
      <Filter>Header Files</Filter>
    </ClInclude>
    <ClInclude Include="Codecs\Tiff\TiffDecoder.h">
      <Filter>Header Files</Filter>
    </ClInclude>
    <ClInclude Include="Codecs\Tiff\TiffEncoder.h">
      <Filter>Header Files</Filter>
    </ClInclude>
    <ClInclude Include="Codecs\JPEG\JpegEncoder.h">
      <Filter>Header Files</Filter>
    </ClInclude>
    <ClInclude Include="Codecs\JPEG\toojpeg\toojpeg.h">
      <Filter>Header Files</Filter>
    </ClInclude>
    <ClInclude Include="Core\macros.h">
      <Filter>Header Files</Filter>
    </ClInclude>
    <ClInclude Include="Tools\SystemTools.h">
      <Filter>Header Files</Filter>
    </ClInclude>
    <ClInclude Include="Core\pipeline.h">
      <Filter>Header Files</Filter>
    </ClInclude>
    <ClInclude Include="Core\IPipelineElement.h">
      <Filter>Header Files</Filter>
    </ClInclude>
    <ClInclude Include="Transforms\DebayerTransform.h">
      <Filter>Header Files</Filter>
    </ClInclude>
    <ClInclude Include="Core\versioning.h">
      <Filter>Header Files</Filter>
    </ClInclude>
    <ClInclude Include="Transforms\BitmapDivisor.h">
      <Filter>Header Files</Filter>
    </ClInclude>
    <ClInclude Include="Transforms\ResizeTransform.h">
      <Filter>Header Files</Filter>
    </ClInclude>
    <ClInclude Include="Transforms\avir\avir.h">
      <Filter>Header Files</Filter>
    </ClInclude>
    <ClInclude Include="Transforms\avir\avir_dil.h">
      <Filter>Header Files</Filter>
    </ClInclude>
    <ClInclude Include="Transforms\avir\avir_float4_sse.h">
      <Filter>Header Files</Filter>
    </ClInclude>
    <ClInclude Include="Transforms\avir\avir_float8_avx.h">
      <Filter>Header Files</Filter>
    </ClInclude>
    <ClInclude Include="Transforms\avir\lancir.h">
      <Filter>Header Files</Filter>
    </ClInclude>
    <ClInclude Include="Transforms\CropTransform.h">
      <Filter>Header Files</Filter>
    </ClInclude>
    <ClInclude Include="Registrator\BaseStacker.h">
      <Filter>Header Files</Filter>
    </ClInclude>
    <ClInclude Include="Core\log.h">
      <Filter>Header Files</Filter>
    </ClInclude>
    <ClInclude Include="Registrator\StackEngineConstants.h">
      <Filter>Header Files</Filter>
    </ClInclude>
    <ClInclude Include="Codecs\FITS\FitsDecoder.h">
      <Filter>Header Files</Filter>
    </ClInclude>
    <ClInclude Include="Codecs\FITS\FitsEncoder.h">
      <Filter>Header Files</Filter>
    </ClInclude>
    <ClInclude Include="Codecs\Y4M\Y4MEncoder.h">
      <Filter>Header Files</Filter>
    </ClInclude>
    <ClInclude Include="Codecs\JPEG\JpegDecoder.h">
      <Filter>Header Files</Filter>
    </ClInclude>
    <ClInclude Include="Codecs\JPEG\TJpg_Decoder\tjpgd.h">
      <Filter>Header Files</Filter>
    </ClInclude>
    <ClInclude Include="Codecs\JPEG\TJpg_Decoder\tjpgdcnf.h">
      <Filter>Header Files</Filter>
    </ClInclude>
    <ClInclude Include="Codecs\H265\H265Encoder.h">
      <Filter>Header Files</Filter>
    </ClInclude>
    <ClInclude Include="Codecs\VideoEncoder.h">
      <Filter>Header Files</Filter>
    </ClInclude>
    <ClInclude Include="Transforms\SaturationTransform.h">
      <Filter>Header Files</Filter>
    </ClInclude>
    <ClInclude Include="Codecs\SER\SerDecoder.h">
      <Filter>Header Files</Filter>
    </ClInclude>
    <ClInclude Include="Transforms\CenterObjectTransform.h">
      <Filter>Header Files</Filter>
    </ClInclude>
    <ClInclude Include="Codecs\SER\SerEncoder.h">
      <Filter>Header Files</Filter>
    </ClInclude>
    <ClInclude Include="Transforms\MedianBlurTransform.h">
      <Filter>Header Files</Filter>
    </ClInclude>
    <ClInclude Include="Registrator\SortingHat.h">
      <Filter>Header Files</Filter>
    </ClInclude>
    <ClInclude Include="Core\color.h">
      <Filter>Header Files</Filter>
    </ClInclude>
    <ClInclude Include="Transforms\LaplacianTransform.h">
      <Filter>Header Files</Filter>
    </ClInclude>
    <ClInclude Include="Registrator\FastDetector.h">
      <Filter>Header Files</Filter>
    </ClInclude>
    <ClInclude Include="Transforms\WarpTransform.h">
      <Filter>Header Files</Filter>
    </ClInclude>
    <ClInclude Include="Transforms\LevelsTransform.h">
      <Filter>Header Files</Filter>
    </ClInclude>
    <ClInclude Include="Transforms\AffineTransform.h">
      <Filter>Header Files</Filter>
    </ClInclude>
    <ClInclude Include="Transforms\BitmapHealer.h">
      <Filter>Header Files</Filter>
    </ClInclude>
    <ClInclude Include="Transforms\DeflickerTransform.h">
      <Filter>Header Files</Filter>
    </ClInclude>
    <ClInclude Include="Codecs\Y4M\Y4MDecoder.h">
      <Filter>Header Files</Filter>
    </ClInclude>
    <ClInclude Include="Tools\BitmapTools.h">
      <Filter>Header Files</Filter>
    </ClInclude>
  </ItemGroup>
  <ItemGroup>
    <ClCompile Include="AGG\agg_trans_affine.cpp">
      <Filter>Source Files</Filter>
    </ClCompile>
    <ClCompile Include="Codecs\PPM\ppmdecoder.cpp">
      <Filter>Source Files</Filter>
    </ClCompile>
    <ClCompile Include="Codecs\PPM\ppmencoder.cpp">
      <Filter>Source Files</Filter>
    </ClCompile>
    <ClCompile Include="Codecs\imagedecoder.cpp">
      <Filter>Source Files</Filter>
    </ClCompile>
    <ClCompile Include="Codecs\imageencoder.cpp">
      <Filter>Source Files</Filter>
    </ClCompile>
    <ClCompile Include="Core\bitmap.cpp">
      <Filter>Source Files</Filter>
    </ClCompile>
    <ClCompile Include="Core\imageparams.cpp">
      <Filter>Source Files</Filter>
    </ClCompile>
    <ClCompile Include="Registrator\registrator.cpp">
      <Filter>Source Files</Filter>
    </ClCompile>
    <ClCompile Include="Registrator\stacker.cpp">
      <Filter>Source Files</Filter>
    </ClCompile>
    <ClCompile Include="Tools\mathtools.cpp">
      <Filter>Source Files</Filter>
    </ClCompile>
    <ClCompile Include="Transforms\basetransform.cpp">
      <Filter>Source Files</Filter>
    </ClCompile>
    <ClCompile Include="Transforms\converter.cpp">
      <Filter>Source Files</Filter>
    </ClCompile>
    <ClCompile Include="Codecs\Raw\RawDecoder.cpp">
      <Filter>Source Files</Filter>
    </ClCompile>
    <ClCompile Include="Registrator\FastAligner.cpp">
      <Filter>Source Files</Filter>
    </ClCompile>
    <ClCompile Include="Geometry\triangle.cpp">
      <Filter>Source Files</Filter>
    </ClCompile>
    <ClCompile Include="Geometry\startrektransform.cpp">
      <Filter>Source Files</Filter>
    </ClCompile>
    <ClCompile Include="Transforms\deaberratetransform.cpp">
      <Filter>Source Files</Filter>
    </ClCompile>
    <ClCompile Include="Tools\Newton2D.cpp">
      <Filter>Source Files</Filter>
    </ClCompile>
    <ClCompile Include="Core\enums.cpp">
      <Filter>Source Files</Filter>
    </ClCompile>
    <ClCompile Include="Transforms\binningtransform.cpp">
      <Filter>Source Files</Filter>
    </ClCompile>
    <ClCompile Include="Transforms\ChannelEqualizer.cpp">
      <Filter>Source Files</Filter>
    </ClCompile>
    <ClCompile Include="Transforms\HistogramBuilder.cpp">
      <Filter>Source Files</Filter>
    </ClCompile>
    <ClCompile Include="Transforms\BitmapSubtractor.cpp">
      <Filter>Source Files</Filter>
    </ClCompile>
    <ClCompile Include="Codecs\Tiff\TiffDecoder.cpp">
      <Filter>Source Files</Filter>
    </ClCompile>
    <ClCompile Include="Codecs\Tiff\TiffEncoder.cpp">
      <Filter>Source Files</Filter>
    </ClCompile>
    <ClCompile Include="Codecs\JPEG\JpegEncoder.cpp">
      <Filter>Source Files</Filter>
    </ClCompile>
    <ClCompile Include="Codecs\JPEG\toojpeg\toojpeg.cpp">
      <Filter>Source Files</Filter>
    </ClCompile>
    <ClCompile Include="Tools\SystemTools.cpp">
      <Filter>Source Files</Filter>
    </ClCompile>
    <ClCompile Include="Core\pipeline.cpp">
      <Filter>Source Files</Filter>
    </ClCompile>
    <ClCompile Include="Core\IPipelineElement.cpp">
      <Filter>Source Files</Filter>
    </ClCompile>
    <ClCompile Include="Transforms\DebayerTransform.cpp">
      <Filter>Source Files</Filter>
    </ClCompile>
    <ClCompile Include="Transforms\BitmapDivisor.cpp">
      <Filter>Source Files</Filter>
    </ClCompile>
    <ClCompile Include="Transforms\ResizeTransform.cpp">
      <Filter>Source Files</Filter>
    </ClCompile>
    <ClCompile Include="Transforms\CropTransform.cpp">
      <Filter>Source Files</Filter>
    </ClCompile>
    <ClCompile Include="Registrator\BaseStacker.cpp">
      <Filter>Source Files</Filter>
    </ClCompile>
    <ClCompile Include="Core\log.cpp">
      <Filter>Source Files</Filter>
    </ClCompile>
    <ClCompile Include="Codecs\FITS\FitsDecoder.cpp">
      <Filter>Source Files</Filter>
    </ClCompile>
    <ClCompile Include="Codecs\FITS\FitsEncoder.cpp">
      <Filter>Source Files</Filter>
    </ClCompile>
    <ClCompile Include="Codecs\Y4M\Y4MEncoder.cpp">
      <Filter>Source Files</Filter>
    </ClCompile>
    <ClCompile Include="Codecs\JPEG\JpegDecoder.cpp">
      <Filter>Source Files</Filter>
    </ClCompile>
    <ClCompile Include="Codecs\JPEG\TJpg_Decoder\tjpgd.cpp">
      <Filter>Source Files</Filter>
    </ClCompile>
    <ClCompile Include="Codecs\H265\H265Encoder.cpp">
      <Filter>Source Files</Filter>
    </ClCompile>
    <ClCompile Include="Codecs\VideoEncoder.cpp">
      <Filter>Source Files</Filter>
    </ClCompile>
    <ClCompile Include="Transforms\SaturationTransform.cpp">
      <Filter>Source Files</Filter>
    </ClCompile>
    <ClCompile Include="Codecs\SER\SerDecoder.cpp">
      <Filter>Source Files</Filter>
    </ClCompile>
    <ClCompile Include="Transforms\CenterObjectTransform.cpp">
      <Filter>Source Files</Filter>
    </ClCompile>
    <ClCompile Include="Codecs\SER\SerEncoder.cpp">
      <Filter>Source Files</Filter>
    </ClCompile>
    <ClCompile Include="Transforms\MedianBlurTransform.cpp">
      <Filter>Source Files</Filter>
    </ClCompile>
    <ClCompile Include="Registrator\SortingHat.cpp">
      <Filter>Source Files</Filter>
    </ClCompile>
    <ClCompile Include="Core\color.cpp">
      <Filter>Source Files</Filter>
    </ClCompile>
    <ClCompile Include="Transforms\LaplacianTransform.cpp">
      <Filter>Source Files</Filter>
    </ClCompile>
    <ClCompile Include="Registrator\FastDetector.cpp">
      <Filter>Source Files</Filter>
    </ClCompile>
    <ClCompile Include="Transforms\WarpTransform.cpp">
      <Filter>Source Files</Filter>
    </ClCompile>
    <ClCompile Include="Transforms\LevelsTransform.cpp">
      <Filter>Source Files</Filter>
    </ClCompile>
    <ClCompile Include="Transforms\AffineTransform.cpp">
      <Filter>Source Files</Filter>
    </ClCompile>
    <ClCompile Include="Transforms\BitmapHealer.cpp">
      <Filter>Source Files</Filter>
    </ClCompile>
    <ClCompile Include="Transforms\DeflickerTransform.cpp">
      <Filter>Source Files</Filter>
    </ClCompile>
    <ClCompile Include="Codecs\Y4M\Y4MDecoder.cpp">
      <Filter>Source Files</Filter>
    </ClCompile>
    <ClCompile Include="Tools\BitmapTools.cpp">
      <Filter>Source Files</Filter>
    </ClCompile>
  </ItemGroup>
</Project>