<?xml version="1.0" encoding="utf-8"?>
<Project ToolsVersion="4.0" xmlns="http://schemas.microsoft.com/developer/msbuild/2003">
  <ItemGroup>
    <Filter Include="Source Files">
      <UniqueIdentifier>{4FC737F1-C7A5-4376-A066-2A32D752A2FF}</UniqueIdentifier>
      <Extensions>cpp;c;cc;cxx;c++;cppm;ixx;def;odl;idl;hpj;bat;asm;asmx</Extensions>
    </Filter>
    <Filter Include="Header Files">
      <UniqueIdentifier>{93995380-89BD-4b04-88EB-625FBE52EBFB}</UniqueIdentifier>
      <Extensions>h;hh;hpp;hxx;h++;hm;inl;inc;ipp;xsd</Extensions>
    </Filter>
    <Filter Include="Resource Files">
      <UniqueIdentifier>{67DA6AB6-F800-4c08-8B7A-83BB121AAD01}</UniqueIdentifier>
      <Extensions>rc;ico;cur;bmp;dlg;rc2;rct;bin;rgs;gif;jpg;jpeg;jpe;resx;tiff;tif;png;wav;mfcribbon-ms</Extensions>
    </Filter>
  </ItemGroup>
  <ItemGroup>
    <ClInclude Include="AGG\agg_basics.h">
      <Filter>Header Files</Filter>
    </ClInclude>
    <ClInclude Include="AGG\agg_config.h">
      <Filter>Header Files</Filter>
    </ClInclude>
    <ClInclude Include="AGG\agg_trans_affine.h">
      <Filter>Header Files</Filter>
    </ClInclude>
    <ClInclude Include="Codecs\PPM\ppmdecoder.h">
      <Filter>Header Files</Filter>
    </ClInclude>
    <ClInclude Include="Codecs\PPM\ppmencoder.h">
      <Filter>Header Files</Filter>
    </ClInclude>
    <ClInclude Include="Codecs\imagedecoder.h">
      <Filter>Header Files</Filter>
    </ClInclude>
    <ClInclude Include="Codecs\imageencoder.h">
      <Filter>Header Files</Filter>
    </ClInclude>
    <ClInclude Include="Core\bitmap.h">
      <Filter>Header Files</Filter>
    </ClInclude>
    <ClInclude Include="Core\enums.h">
      <Filter>Header Files</Filter>
    </ClInclude>
    <ClInclude Include="Core\imageparams.h">
      <Filter>Header Files</Filter>
    </ClInclude>
    <ClInclude Include="Geometry\rect.h">
      <Filter>Header Files</Filter>
    </ClInclude>
    <ClInclude Include="Registrator\registrator.h">
      <Filter>Header Files</Filter>
    </ClInclude>
    <ClInclude Include="Registrator\stacker.h">
      <Filter>Header Files</Filter>
    </ClInclude>
    <ClInclude Include="Registrator\star.h">
      <Filter>Header Files</Filter>
    </ClInclude>
    <ClInclude Include="Tests\test.h">
      <Filter>Header Files</Filter>
    </ClInclude>
    <ClInclude Include="Tests\testtools.h">
      <Filter>Header Files</Filter>
    </ClInclude>
    <ClInclude Include="Tools\mathtools.h">
      <Filter>Header Files</Filter>
    </ClInclude>
    <ClInclude Include="Transforms\basetransform.h">
      <Filter>Header Files</Filter>
    </ClInclude>
    <ClInclude Include="Transforms\binningtransform.h">
      <Filter>Header Files</Filter>
    </ClInclude>
    <ClInclude Include="Transforms\converter.h">
      <Filter>Header Files</Filter>
    </ClInclude>
    <ClInclude Include="Codecs\Raw\RawDecoder.h">
      <Filter>Header Files</Filter>
    </ClInclude>
    <ClInclude Include="Registrator\FastAligner.h">
      <Filter>Header Files</Filter>
    </ClInclude>
    <ClInclude Include="Geometry\delaunator.hpp">
      <Filter>Header Files</Filter>
    </ClInclude>
    <ClInclude Include="Geometry\triangle.h">
      <Filter>Header Files</Filter>
    </ClInclude>
    <ClInclude Include="Geometry\point.h">
      <Filter>Header Files</Filter>
    </ClInclude>
    <ClInclude Include="Geometry\startrektransform.h">
      <Filter>Header Files</Filter>
    </ClInclude>
    <ClInclude Include="Core\camerasettings.h">
      <Filter>Header Files</Filter>
    </ClInclude>
    <ClInclude Include="Transforms\deaberratetransform.h">
      <Filter>Header Files</Filter>
    </ClInclude>
    <ClInclude Include="Tools\Newton2D.h">
      <Filter>Header Files</Filter>
    </ClInclude>
  </ItemGroup>
  <ItemGroup>
    <ClCompile Include="AGG\agg_trans_affine.cpp">
      <Filter>Source Files</Filter>
    </ClCompile>
    <ClCompile Include="Codecs\PPM\ppmdecoder.cpp">
      <Filter>Source Files</Filter>
    </ClCompile>
    <ClCompile Include="Codecs\PPM\ppmencoder.cpp">
      <Filter>Source Files</Filter>
    </ClCompile>
    <ClCompile Include="Codecs\imagedecoder.cpp">
      <Filter>Source Files</Filter>
    </ClCompile>
    <ClCompile Include="Codecs\imageencoder.cpp">
      <Filter>Source Files</Filter>
    </ClCompile>
    <ClCompile Include="Core\bitmap.cpp">
      <Filter>Source Files</Filter>
    </ClCompile>
    <ClCompile Include="Core\imageparams.cpp">
      <Filter>Source Files</Filter>
    </ClCompile>
    <ClCompile Include="Registrator\registrator.cpp">
      <Filter>Source Files</Filter>
    </ClCompile>
    <ClCompile Include="Registrator\stacker.cpp">
      <Filter>Source Files</Filter>
    </ClCompile>
    <ClCompile Include="Tests\TestBinningTransform.cpp">
      <Filter>Source Files</Filter>
    </ClCompile>
    <ClCompile Include="Tests\TestBitmap.cpp">
      <Filter>Source Files</Filter>
    </ClCompile>
    <ClCompile Include="Tests\TestConverter.cpp">
      <Filter>Source Files</Filter>
    </ClCompile>
    <ClCompile Include="Tests\TestPpmDecoder.cpp">
      <Filter>Source Files</Filter>
    </ClCompile>
    <ClCompile Include="Tests\TestPpmEncoder.cpp">
      <Filter>Source Files</Filter>
    </ClCompile>
    <ClCompile Include="Tests\TestRegistrator.cpp">
      <Filter>Source Files</Filter>
    </ClCompile>
    <ClCompile Include="Tests\TestStacker.cpp">
      <Filter>Source Files</Filter>
    </ClCompile>
    <ClCompile Include="Tests\testtools.cpp">
      <Filter>Source Files</Filter>
    </ClCompile>
    <ClCompile Include="Tools\mathtools.cpp">
      <Filter>Source Files</Filter>
    </ClCompile>
    <ClCompile Include="Transforms\basetransform.cpp">
      <Filter>Source Files</Filter>
    </ClCompile>
    <ClCompile Include="Transforms\converter.cpp">
      <Filter>Source Files</Filter>
    </ClCompile>
    <ClCompile Include="main.cpp">
      <Filter>Source Files</Filter>
    </ClCompile>
    <ClCompile Include="Codecs\Raw\RawDecoder.cpp">
      <Filter>Source Files</Filter>
    </ClCompile>
    <ClCompile Include="Tests\TestRawDecoder.cpp">
      <Filter>Source Files</Filter>
    </ClCompile>
    <ClCompile Include="Registrator\FastAligner.cpp">
      <Filter>Source Files</Filter>
    </ClCompile>
    <ClCompile Include="Tests\TestFastAligner.cpp">
      <Filter>Source Files</Filter>
    </ClCompile>
    <ClCompile Include="Geometry\triangle.cpp">
      <Filter>Source Files</Filter>
    </ClCompile>
    <ClCompile Include="Geometry\startrektransform.cpp">
      <Filter>Source Files</Filter>
    </ClCompile>
    <ClCompile Include="Transforms\deaberratetransform.cpp">
      <Filter>Source Files</Filter>
    </ClCompile>
    <ClCompile Include="Tools\Newton2D.cpp">
      <Filter>Source Files</Filter>
    </ClCompile>
    <ClCompile Include="Tests\TestNewton2D.cpp">
      <Filter>Source Files</Filter>
    </ClCompile>
    <ClCompile Include="Tests\TestStarTrekTransform.cpp">
      <Filter>Source Files</Filter>
    </ClCompile>
  </ItemGroup>
</Project>