<?xml version="1.0" encoding="utf-8"?>
<Project ToolsVersion="4.0" xmlns="http://schemas.microsoft.com/developer/msbuild/2003">
  <ItemGroup>
    <Filter Include="Source Files">
      <UniqueIdentifier>{4FC737F1-C7A5-4376-A066-2A32D752A2FF}</UniqueIdentifier>
      <Extensions>cpp;c;cc;cxx;def;odl;idl;hpj;bat;asm;asmx</Extensions>
    </Filter>
    <Filter Include="Header Files">
      <UniqueIdentifier>{93995380-89BD-4b04-88EB-625FBE52EBFB}</UniqueIdentifier>
      <Extensions>h;hh;hpp;hxx;hm;inl;inc;xsd</Extensions>
    </Filter>
    <Filter Include="Resource Files">
      <UniqueIdentifier>{67DA6AB6-F800-4c08-8B7A-83BB121AAD01}</UniqueIdentifier>
      <Extensions>rc;ico;cur;bmp;dlg;rc2;rct;bin;rgs;gif;jpg;jpeg;jpe;resx;tiff;tif;png;wav</Extensions>
    </Filter>
  </ItemGroup>
  <ItemGroup>
    <ClCompile Include="TestBinningTransform.cpp">
      <Filter>Source Files</Filter>
    </ClCompile>
    <ClCompile Include="TestBitmap.cpp">
      <Filter>Source Files</Filter>
    </ClCompile>
    <ClCompile Include="TestBitmapSubtractor.cpp">
      <Filter>Source Files</Filter>
    </ClCompile>
    <ClCompile Include="TestChannelEqualizer.cpp">
      <Filter>Source Files</Filter>
    </ClCompile>
    <ClCompile Include="TestConverter.cpp">
      <Filter>Source Files</Filter>
    </ClCompile>
    <ClCompile Include="TestFastAligner.cpp">
      <Filter>Source Files</Filter>
    </ClCompile>
    <ClCompile Include="TestHistogramBuilder.cpp">
      <Filter>Source Files</Filter>
    </ClCompile>
    <ClCompile Include="TestImageDecoder.cpp">
      <Filter>Source Files</Filter>
    </ClCompile>
    <ClCompile Include="TestImageEncoder.cpp">
      <Filter>Source Files</Filter>
    </ClCompile>
    <ClCompile Include="TestJpegEncoder.cpp">
      <Filter>Source Files</Filter>
    </ClCompile>
    <ClCompile Include="TestNewton2D.cpp">
      <Filter>Source Files</Filter>
    </ClCompile>
    <ClCompile Include="TestPpmDecoder.cpp">
      <Filter>Source Files</Filter>
    </ClCompile>
    <ClCompile Include="TestPpmEncoder.cpp">
      <Filter>Source Files</Filter>
    </ClCompile>
    <ClCompile Include="TestRawDecoder.cpp">
      <Filter>Source Files</Filter>
    </ClCompile>
    <ClCompile Include="TestRegistrator.cpp">
      <Filter>Source Files</Filter>
    </ClCompile>
    <ClCompile Include="TestRgbToHsl.cpp">
      <Filter>Source Files</Filter>
    </ClCompile>
    <ClCompile Include="TestRunner.cpp">
      <Filter>Source Files</Filter>
    </ClCompile>
    <ClCompile Include="TestStacker.cpp">
      <Filter>Source Files</Filter>
    </ClCompile>
    <ClCompile Include="TestStarTrekTransform.cpp">
      <Filter>Source Files</Filter>
    </ClCompile>
    <ClCompile Include="TestTiffDecoder.cpp">
      <Filter>Source Files</Filter>
    </ClCompile>
    <ClCompile Include="TestTiffEncoder.cpp">
      <Filter>Source Files</Filter>
    </ClCompile>
    <ClCompile Include="testtools.cpp">
      <Filter>Source Files</Filter>
    </ClCompile>
    <ClCompile Include="main.cpp">
      <Filter>Source Files</Filter>
    </ClCompile>
    <ClCompile Include="TestDeaberrateTransform.cpp">
      <Filter>Source Files</Filter>
    </ClCompile>
    <ClCompile Include="TestPipeline.cpp">
      <Filter>Source Files</Filter>
    </ClCompile>
    <ClCompile Include="TestDebayerTransform.cpp">
      <Filter>Source Files</Filter>
    </ClCompile>
    <ClCompile Include="TestBitmapDivisor.cpp">
      <Filter>Source Files</Filter>
    </ClCompile>
    <ClCompile Include="TestResizeTransform.cpp">
      <Filter>Source Files</Filter>
    </ClCompile>
    <ClCompile Include="TestCropTransform.cpp">
      <Filter>Source Files</Filter>
    </ClCompile>
    <ClCompile Include="TestFitsDecoder.cpp">
      <Filter>Source Files</Filter>
    </ClCompile>
    <ClCompile Include="TestFitsEncoder.cpp">
      <Filter>Source Files</Filter>
    </ClCompile>
    <ClCompile Include="TestJpegDecoder.cpp">
      <Filter>Source Files</Filter>
    </ClCompile>
    <ClCompile Include="TestY4MEncoder.cpp">
      <Filter>Source Files</Filter>
    </ClCompile>
    <ClCompile Include="TestH265Encoder.cpp">
      <Filter>Source Files</Filter>
    </ClCompile>
    <ClCompile Include="TestCudaStacker.cpp">
      <Filter>Source Files</Filter>
    </ClCompile>
    <ClCompile Include="TestSaturationTransform.cpp">
      <Filter>Source Files</Filter>
    </ClCompile>
    <ClCompile Include="TestSerDecoder.cpp">
      <Filter>Source Files</Filter>
    </ClCompile>
    <ClCompile Include="TestCenterObjectTransform.cpp">
      <Filter>Source Files</Filter>
    </ClCompile>
    <ClCompile Include="TestSerEncoder.cpp">
      <Filter>Source Files</Filter>
    </ClCompile>
    <ClCompile Include="TestMedianBlurTransform.cpp">
      <Filter>Source Files</Filter>
    </ClCompile>
    <ClCompile Include="TestColors.cpp">
      <Filter>Source Files</Filter>
    </ClCompile>
    <ClCompile Include="TestWarpTransform.cpp">
      <Filter>Source Files</Filter>
    </ClCompile>
    <ClCompile Include="TestLevels.cpp">
      <Filter>Source Files</Filter>
    </ClCompile>
    <ClCompile Include="TestAffineTransform.cpp">
      <Filter>Source Files</Filter>
    </ClCompile>
    <ClCompile Include="TestBitmapHealer.cpp">
      <Filter>Source Files</Filter>
    </ClCompile>
  </ItemGroup>
  <ItemGroup>
    <ClInclude Include="test.h">
      <Filter>Header Files</Filter>
    </ClInclude>
    <ClInclude Include="TestRunner.h">
      <Filter>Header Files</Filter>
    </ClInclude>
    <ClInclude Include="testtools.h">
      <Filter>Header Files</Filter>
    </ClInclude>
  </ItemGroup>
</Project>